
Microsoft Visual Studio Solution File, Format Version 12.00
# Visual Studio Version 16
VisualStudioVersion = 16.0.28714.193
MinimumVisualStudioVersion = 10.0.40219.1
Project("{D954291E-2A0B-460D-934E-DC6B0785DB48}") = "System", "System\System.shproj", "{00B63FCA-8F44-4997-9D59-2E8FE9F4A528}"
EndProject
Project("{D954291E-2A0B-460D-934E-DC6B0785DB48}") = "MassTransit", "MassTransit\MassTransit.shproj", "{39806E17-DEE9-4B2C-B881-E749E3694B63}"
EndProject
Project("{9A19103F-16F7-4668-BE54-9A1E7A4F7556}") = "MassTransit.SmtpGateway.Integration", "MassTransit.SmtpGateway.Integration\MassTransit.SmtpGateway.Integration.csproj", "{743140B0-38F0-4DA9-A56D-00F9E704E61A}"
EndProject
Project("{2150E333-8FDC-42A3-9474-1A3956D46DE8}") = "SMTP-GATEWAY", "SMTP-GATEWAY", "{CEB53367-7980-44E0-8820-9BEE456E6BBF}"
EndProject
Project("{2150E333-8FDC-42A3-9474-1A3956D46DE8}") = ".misc", ".misc", "{32858E2C-A961-4A46-BB48-70B6821AF070}"
	ProjectSection(SolutionItems) = preProject
		.editorconfig = .editorconfig
		..\README.md = ..\README.md
	EndProjectSection
EndProject
Project("{D954291E-2A0B-460D-934E-DC6B0785DB48}") = "Messages", "Messages\Messages.shproj", "{9AFE8CC2-BFF1-45D9-979B-F9B09E7CE106}"
EndProject
Project("{9A19103F-16F7-4668-BE54-9A1E7A4F7556}") = "MassTransit.SmtpGateway", "MassTransit.SmtpGateway\MassTransit.SmtpGateway.csproj", "{EC64420C-3262-4A8F-8BCF-8BF1D141A06A}"
EndProject
Project("{2150E333-8FDC-42A3-9474-1A3956D46DE8}") = ".build", ".build", "{D4F6B076-541E-485F-81BC-2B276F69715C}"
	ProjectSection(SolutionItems) = preProject
		..\appveyor.yml = ..\appveyor.yml
		build.fsx = build.fsx
		..\package.nuspec = ..\package.nuspec
	EndProjectSection
EndProject
Project("{2150E333-8FDC-42A3-9474-1A3956D46DE8}") = "IMAP-GATEWAY", "IMAP-GATEWAY", "{F1055E42-6E33-41D6-AEA8-2424295047DA}"
EndProject
Project("{9A19103F-16F7-4668-BE54-9A1E7A4F7556}") = "MassTransit.ImapGateway", "MassTransit.ImapGateway\MassTransit.ImapGateway.csproj", "{88630AC4-FB91-44A0-9F2D-18276D9C74A3}"
EndProject
Project("{9A19103F-16F7-4668-BE54-9A1E7A4F7556}") = "MassTransit.ImapGateway.Integration", "MassTransit.ImapGateway.Integration\MassTransit.ImapGateway.Integration.csproj", "{A44377F9-14F8-4F3D-84C1-03A32CD09D31}"
EndProject
Project("{2150E333-8FDC-42A3-9474-1A3956D46DE8}") = "JIRA-SERVICEDESK-CONNECTOR", "JIRA-SERVICEDESK-CONNECTOR", "{346B2971-FD65-405B-9BD3-C42E4B2B0FEC}"
EndProject
Project("{2150E333-8FDC-42A3-9474-1A3956D46DE8}") = "RAZOR-RENDERER", "RAZOR-RENDERER", "{1C36D189-7276-4A6D-BEA7-24E01399B3A0}"
EndProject
Project("{9A19103F-16F7-4668-BE54-9A1E7A4F7556}") = "MassTransit.RazorRenderer", "MassTransit.RazorRenderer\MassTransit.RazorRenderer.csproj", "{24FCB5F1-52F4-4773-B4A5-D5DA632471D5}"
EndProject
Project("{9A19103F-16F7-4668-BE54-9A1E7A4F7556}") = "MassTransit.SmtpGateway.Tests", "MassTransit.SmtpGateway.Tests\MassTransit.SmtpGateway.Tests.csproj", "{E20B7D9C-D7FA-4B4A-B9BE-327DAD88814A}"
EndProject
Project("{2150E333-8FDC-42A3-9474-1A3956D46DE8}") = "POCs", "POCs", "{2E3ECB19-8B9D-4DDC-B6BD-F254CD72460D}"
EndProject
Project("{9A19103F-16F7-4668-BE54-9A1E7A4F7556}") = "SmtpGateway", "POCs\SmtpGateway\SmtpGateway.csproj", "{9A8D1BB8-C725-48AA-813F-EF5944BFA441}"
EndProject
Project("{9A19103F-16F7-4668-BE54-9A1E7A4F7556}") = "RazorRenderer", "POCs\RazorRenderer\RazorRenderer.csproj", "{6B94BF4E-553A-4E96-B7E2-B0A54E36AADE}"
EndProject
Project("{9A19103F-16F7-4668-BE54-9A1E7A4F7556}") = "JiraServicedeskConnector", "POCs\JiraServicedeskConnector\JiraServicedeskConnector.csproj", "{D84711D3-1147-4849-A00C-370BF9FF118A}"
EndProject
Project("{9A19103F-16F7-4668-BE54-9A1E7A4F7556}") = "MassTransit.JiraServicedeskConnector", "JIRA-SERVICEDESK-CONNECTOR\MassTransit.JiraServicedeskConnector\MassTransit.JiraServicedeskConnector.csproj", "{6C0BA168-C384-4C07-B71E-FFE6CB9C7B71}"
EndProject
Project("{FAE04EC0-301F-11D3-BF4B-00C04F79EFBC}") = "MassTransit.JiraServicedeskConnector.Tests", "JIRA-SERVICEDESK-CONNECTOR\MassTransit.JiraServicedeskConnector.Tests\MassTransit.JiraServicedeskConnector.Tests.csproj", "{9A4CEAB0-A5DF-45A8-9519-DB9FD4536312}"
EndProject
Global
	GlobalSection(SharedMSBuildProjectFiles) = preSolution
		System\System.projitems*{00b63fca-8f44-4997-9d59-2e8fe9f4a528}*SharedItemsImports = 13
		MassTransit\Hosts.projitems*{39806e17-dee9-4b2c-b881-e749e3694b63}*SharedItemsImports = 13
		Messages\Messages.projitems*{9afe8cc2-bff1-45d9-979b-f9b09e7ce106}*SharedItemsImports = 13
	EndGlobalSection
	GlobalSection(SolutionConfigurationPlatforms) = preSolution
		Debug|Any CPU = Debug|Any CPU
		Release|Any CPU = Release|Any CPU
	EndGlobalSection
	GlobalSection(ProjectConfigurationPlatforms) = postSolution
		{743140B0-38F0-4DA9-A56D-00F9E704E61A}.Debug|Any CPU.ActiveCfg = Debug|Any CPU
		{743140B0-38F0-4DA9-A56D-00F9E704E61A}.Debug|Any CPU.Build.0 = Debug|Any CPU
		{743140B0-38F0-4DA9-A56D-00F9E704E61A}.Release|Any CPU.ActiveCfg = Release|Any CPU
		{743140B0-38F0-4DA9-A56D-00F9E704E61A}.Release|Any CPU.Build.0 = Release|Any CPU
		{EC64420C-3262-4A8F-8BCF-8BF1D141A06A}.Debug|Any CPU.ActiveCfg = Debug|Any CPU
		{EC64420C-3262-4A8F-8BCF-8BF1D141A06A}.Debug|Any CPU.Build.0 = Debug|Any CPU
		{EC64420C-3262-4A8F-8BCF-8BF1D141A06A}.Release|Any CPU.ActiveCfg = Release|Any CPU
		{EC64420C-3262-4A8F-8BCF-8BF1D141A06A}.Release|Any CPU.Build.0 = Release|Any CPU
		{88630AC4-FB91-44A0-9F2D-18276D9C74A3}.Debug|Any CPU.ActiveCfg = Debug|Any CPU
		{88630AC4-FB91-44A0-9F2D-18276D9C74A3}.Debug|Any CPU.Build.0 = Debug|Any CPU
		{88630AC4-FB91-44A0-9F2D-18276D9C74A3}.Release|Any CPU.ActiveCfg = Release|Any CPU
		{88630AC4-FB91-44A0-9F2D-18276D9C74A3}.Release|Any CPU.Build.0 = Release|Any CPU
		{A44377F9-14F8-4F3D-84C1-03A32CD09D31}.Debug|Any CPU.ActiveCfg = Debug|Any CPU
		{A44377F9-14F8-4F3D-84C1-03A32CD09D31}.Debug|Any CPU.Build.0 = Debug|Any CPU
		{A44377F9-14F8-4F3D-84C1-03A32CD09D31}.Release|Any CPU.ActiveCfg = Release|Any CPU
		{A44377F9-14F8-4F3D-84C1-03A32CD09D31}.Release|Any CPU.Build.0 = Release|Any CPU
		{24FCB5F1-52F4-4773-B4A5-D5DA632471D5}.Debug|Any CPU.ActiveCfg = Debug|Any CPU
		{24FCB5F1-52F4-4773-B4A5-D5DA632471D5}.Debug|Any CPU.Build.0 = Debug|Any CPU
		{24FCB5F1-52F4-4773-B4A5-D5DA632471D5}.Release|Any CPU.ActiveCfg = Release|Any CPU
		{24FCB5F1-52F4-4773-B4A5-D5DA632471D5}.Release|Any CPU.Build.0 = Release|Any CPU
		{E20B7D9C-D7FA-4B4A-B9BE-327DAD88814A}.Debug|Any CPU.ActiveCfg = Debug|Any CPU
		{E20B7D9C-D7FA-4B4A-B9BE-327DAD88814A}.Debug|Any CPU.Build.0 = Debug|Any CPU
		{E20B7D9C-D7FA-4B4A-B9BE-327DAD88814A}.Release|Any CPU.ActiveCfg = Release|Any CPU
		{E20B7D9C-D7FA-4B4A-B9BE-327DAD88814A}.Release|Any CPU.Build.0 = Release|Any CPU
		{9A8D1BB8-C725-48AA-813F-EF5944BFA441}.Debug|Any CPU.ActiveCfg = Debug|Any CPU
		{9A8D1BB8-C725-48AA-813F-EF5944BFA441}.Debug|Any CPU.Build.0 = Debug|Any CPU
		{9A8D1BB8-C725-48AA-813F-EF5944BFA441}.Release|Any CPU.ActiveCfg = Release|Any CPU
		{9A8D1BB8-C725-48AA-813F-EF5944BFA441}.Release|Any CPU.Build.0 = Release|Any CPU
		{6B94BF4E-553A-4E96-B7E2-B0A54E36AADE}.Debug|Any CPU.ActiveCfg = Debug|Any CPU
		{6B94BF4E-553A-4E96-B7E2-B0A54E36AADE}.Debug|Any CPU.Build.0 = Debug|Any CPU
		{6B94BF4E-553A-4E96-B7E2-B0A54E36AADE}.Release|Any CPU.ActiveCfg = Release|Any CPU
		{6B94BF4E-553A-4E96-B7E2-B0A54E36AADE}.Release|Any CPU.Build.0 = Release|Any CPU
		{D84711D3-1147-4849-A00C-370BF9FF118A}.Debug|Any CPU.ActiveCfg = Debug|Any CPU
		{D84711D3-1147-4849-A00C-370BF9FF118A}.Debug|Any CPU.Build.0 = Debug|Any CPU
		{D84711D3-1147-4849-A00C-370BF9FF118A}.Release|Any CPU.ActiveCfg = Release|Any CPU
		{D84711D3-1147-4849-A00C-370BF9FF118A}.Release|Any CPU.Build.0 = Release|Any CPU
		{6C0BA168-C384-4C07-B71E-FFE6CB9C7B71}.Debug|Any CPU.ActiveCfg = Debug|Any CPU
		{6C0BA168-C384-4C07-B71E-FFE6CB9C7B71}.Debug|Any CPU.Build.0 = Debug|Any CPU
		{6C0BA168-C384-4C07-B71E-FFE6CB9C7B71}.Release|Any CPU.ActiveCfg = Release|Any CPU
		{6C0BA168-C384-4C07-B71E-FFE6CB9C7B71}.Release|Any CPU.Build.0 = Release|Any CPU
		{9A4CEAB0-A5DF-45A8-9519-DB9FD4536312}.Debug|Any CPU.ActiveCfg = Debug|Any CPU
		{9A4CEAB0-A5DF-45A8-9519-DB9FD4536312}.Debug|Any CPU.Build.0 = Debug|Any CPU
		{9A4CEAB0-A5DF-45A8-9519-DB9FD4536312}.Release|Any CPU.ActiveCfg = Release|Any CPU
		{9A4CEAB0-A5DF-45A8-9519-DB9FD4536312}.Release|Any CPU.Build.0 = Release|Any CPU
	EndGlobalSection
	GlobalSection(SolutionProperties) = preSolution
		HideSolutionNode = FALSE
	EndGlobalSection
	GlobalSection(NestedProjects) = preSolution
		{743140B0-38F0-4DA9-A56D-00F9E704E61A} = {CEB53367-7980-44E0-8820-9BEE456E6BBF}
		{EC64420C-3262-4A8F-8BCF-8BF1D141A06A} = {CEB53367-7980-44E0-8820-9BEE456E6BBF}
		{88630AC4-FB91-44A0-9F2D-18276D9C74A3} = {F1055E42-6E33-41D6-AEA8-2424295047DA}
		{A44377F9-14F8-4F3D-84C1-03A32CD09D31} = {F1055E42-6E33-41D6-AEA8-2424295047DA}
		{24FCB5F1-52F4-4773-B4A5-D5DA632471D5} = {1C36D189-7276-4A6D-BEA7-24E01399B3A0}
		{E20B7D9C-D7FA-4B4A-B9BE-327DAD88814A} = {CEB53367-7980-44E0-8820-9BEE456E6BBF}
		{9A8D1BB8-C725-48AA-813F-EF5944BFA441} = {2E3ECB19-8B9D-4DDC-B6BD-F254CD72460D}
		{6B94BF4E-553A-4E96-B7E2-B0A54E36AADE} = {2E3ECB19-8B9D-4DDC-B6BD-F254CD72460D}
		{D84711D3-1147-4849-A00C-370BF9FF118A} = {2E3ECB19-8B9D-4DDC-B6BD-F254CD72460D}
		{6C0BA168-C384-4C07-B71E-FFE6CB9C7B71} = {346B2971-FD65-405B-9BD3-C42E4B2B0FEC}
		{9A4CEAB0-A5DF-45A8-9519-DB9FD4536312} = {346B2971-FD65-405B-9BD3-C42E4B2B0FEC}
	EndGlobalSection
	GlobalSection(ExtensibilityGlobals) = postSolution
		SolutionGuid = {9AD2991F-A3DE-4988-8B42-AF00FA71A833}
	EndGlobalSection
EndGlobal
